
Microsoft Visual Studio Solution File, Format Version 12.00
# Visual Studio 15
VisualStudioVersion = 15.0.27130.2027
MinimumVisualStudioVersion = 10.0.40219.1
Project("{9A19103F-16F7-4668-BE54-9A1E7A4F7556}") = "WamBot.Api", "WamBot.Api\WamBot.Api.csproj", "{79967020-E714-4490-BF57-D3BA565CE57A}"
EndProject
Project("{2150E333-8FDC-42A3-9474-1A3956D46DE8}") = "Commands", "Commands", "{46927165-A60A-43C5-90C1-D79448642828}"
EndProject
Project("{9A19103F-16F7-4668-BE54-9A1E7A4F7556}") = "WamBot.Core", "WamBot.Cli\WamBot.Core.csproj", "{1FCF04AF-A03E-469A-9AEA-C72178685AEE}"
EndProject
Project("{9A19103F-16F7-4668-BE54-9A1E7A4F7556}") = "BaseCommands", "Commands\BaseCommands\BaseCommands.csproj", "{64A7D2DC-9DF9-4A3D-A994-5C9A849417E2}"
EndProject
Project("{9A19103F-16F7-4668-BE54-9A1E7A4F7556}") = "CryptoCommands", "Commands\CryptoCommands\CryptoCommands.csproj", "{C7F31E6F-A207-47A4-B555-E0FEE0905FFF}"
EndProject
Project("{9A19103F-16F7-4668-BE54-9A1E7A4F7556}") = "ImageCommands", "Commands\ImageCommands\ImageCommands.csproj", "{E21F4C74-B06F-42F6-B0E4-9C4437FEE271}"
EndProject
Project("{9A19103F-16F7-4668-BE54-9A1E7A4F7556}") = "MathsCommands", "Commands\MathsCommands\MathsCommands.csproj", "{FC976A18-61AB-4312-8E1A-1F7D866DEAD7}"
EndProject
Project("{9A19103F-16F7-4668-BE54-9A1E7A4F7556}") = "ModerationCommands", "Commands\ModerationCommands\ModerationCommands.csproj", "{057A4501-8EDB-4F3E-B9A4-E68FE73F2B32}"
EndProject
Project("{9A19103F-16F7-4668-BE54-9A1E7A4F7556}") = "MusicCommands", "Commands\MusicCommands\MusicCommands.csproj", "{8CA1C7D2-334F-45FF-AFAD-96C1D7216FCD}"
EndProject
Project("{9A19103F-16F7-4668-BE54-9A1E7A4F7556}") = "Variables", "Commands\Variables\Variables.csproj", "{4170ECF6-B2A0-4F4D-9906-1226CF77B3EA}"
EndProject
Project("{9A19103F-16F7-4668-BE54-9A1E7A4F7556}") = "WamCash", "Commands\WamCash\WamCash.csproj", "{7E53DBF4-03AD-4281-860A-F2090E6979D9}"
EndProject
Project("{9A19103F-16F7-4668-BE54-9A1E7A4F7556}") = "WhatTheActualFuckCommands", "Commands\WhatTheActualFuckCommands\WhatTheActualFuckCommands.csproj", "{2BE0ADC5-EC7D-43F1-B129-D21DBCD088E7}"
EndProject
Project("{2150E333-8FDC-42A3-9474-1A3956D46DE8}") = "Solution Items", "Solution Items", "{198346E5-72CC-489D-8F0B-6233B88DB123}"
	ProjectSection(SolutionItems) = preProject
		.gitattributes = .gitattributes
		.gitignore = .gitignore
	EndProjectSection
EndProject
Project("{2150E333-8FDC-42A3-9474-1A3956D46DE8}") = "Libraries", "Libraries", "{00D39250-B50E-4DE2-AB31-3075DA8BAD3D}"
EndProject
Project("{9A19103F-16F7-4668-BE54-9A1E7A4F7556}") = "ConsoleDraw", "..\ConsoleDraw\ConsoleDraw\ConsoleDraw.csproj", "{0E45E34D-0D92-4A38-BF16-F5EB6C373C0A}"
EndProject
Project("{9A19103F-16F7-4668-BE54-9A1E7A4F7556}") = "WamBot", "WamBot\WamBot.csproj", "{34ECD2BC-7D3D-4A4E-A035-867AFCAA7864}"
EndProject
Global
	GlobalSection(SolutionConfigurationPlatforms) = preSolution
		Debug|Any CPU = Debug|Any CPU
		Debug|x64 = Debug|x64
		Debug|x86 = Debug|x86
		Release|Any CPU = Release|Any CPU
		Release|x64 = Release|x64
		Release|x86 = Release|x86
	EndGlobalSection
	GlobalSection(ProjectConfigurationPlatforms) = postSolution
		{79967020-E714-4490-BF57-D3BA565CE57A}.Debug|Any CPU.ActiveCfg = Debug|Any CPU
		{79967020-E714-4490-BF57-D3BA565CE57A}.Debug|Any CPU.Build.0 = Debug|Any CPU
		{79967020-E714-4490-BF57-D3BA565CE57A}.Debug|x64.ActiveCfg = Debug|Any CPU
		{79967020-E714-4490-BF57-D3BA565CE57A}.Debug|x64.Build.0 = Debug|Any CPU
		{79967020-E714-4490-BF57-D3BA565CE57A}.Debug|x86.ActiveCfg = Debug|Any CPU
		{79967020-E714-4490-BF57-D3BA565CE57A}.Debug|x86.Build.0 = Debug|Any CPU
		{79967020-E714-4490-BF57-D3BA565CE57A}.Release|Any CPU.ActiveCfg = Release|Any CPU
		{79967020-E714-4490-BF57-D3BA565CE57A}.Release|Any CPU.Build.0 = Release|Any CPU
		{79967020-E714-4490-BF57-D3BA565CE57A}.Release|x64.ActiveCfg = Release|Any CPU
		{79967020-E714-4490-BF57-D3BA565CE57A}.Release|x64.Build.0 = Release|Any CPU
		{79967020-E714-4490-BF57-D3BA565CE57A}.Release|x86.ActiveCfg = Release|Any CPU
		{79967020-E714-4490-BF57-D3BA565CE57A}.Release|x86.Build.0 = Release|Any CPU
		{1FCF04AF-A03E-469A-9AEA-C72178685AEE}.Debug|Any CPU.ActiveCfg = Debug|Any CPU
		{1FCF04AF-A03E-469A-9AEA-C72178685AEE}.Debug|Any CPU.Build.0 = Debug|Any CPU
		{1FCF04AF-A03E-469A-9AEA-C72178685AEE}.Debug|x64.ActiveCfg = Debug|Any CPU
		{1FCF04AF-A03E-469A-9AEA-C72178685AEE}.Debug|x64.Build.0 = Debug|Any CPU
		{1FCF04AF-A03E-469A-9AEA-C72178685AEE}.Debug|x86.ActiveCfg = Debug|Any CPU
		{1FCF04AF-A03E-469A-9AEA-C72178685AEE}.Debug|x86.Build.0 = Debug|Any CPU
		{1FCF04AF-A03E-469A-9AEA-C72178685AEE}.Release|Any CPU.ActiveCfg = Release|Any CPU
		{1FCF04AF-A03E-469A-9AEA-C72178685AEE}.Release|Any CPU.Build.0 = Release|Any CPU
		{1FCF04AF-A03E-469A-9AEA-C72178685AEE}.Release|x64.ActiveCfg = Release|Any CPU
		{1FCF04AF-A03E-469A-9AEA-C72178685AEE}.Release|x64.Build.0 = Release|Any CPU
		{1FCF04AF-A03E-469A-9AEA-C72178685AEE}.Release|x86.ActiveCfg = Release|Any CPU
		{1FCF04AF-A03E-469A-9AEA-C72178685AEE}.Release|x86.Build.0 = Release|Any CPU
		{64A7D2DC-9DF9-4A3D-A994-5C9A849417E2}.Debug|Any CPU.ActiveCfg = Debug|Any CPU
		{64A7D2DC-9DF9-4A3D-A994-5C9A849417E2}.Debug|Any CPU.Build.0 = Debug|Any CPU
		{64A7D2DC-9DF9-4A3D-A994-5C9A849417E2}.Debug|x64.ActiveCfg = Debug|Any CPU
		{64A7D2DC-9DF9-4A3D-A994-5C9A849417E2}.Debug|x64.Build.0 = Debug|Any CPU
		{64A7D2DC-9DF9-4A3D-A994-5C9A849417E2}.Debug|x86.ActiveCfg = Debug|Any CPU
		{64A7D2DC-9DF9-4A3D-A994-5C9A849417E2}.Debug|x86.Build.0 = Debug|Any CPU
		{64A7D2DC-9DF9-4A3D-A994-5C9A849417E2}.Release|Any CPU.ActiveCfg = Release|Any CPU
		{64A7D2DC-9DF9-4A3D-A994-5C9A849417E2}.Release|Any CPU.Build.0 = Release|Any CPU
		{64A7D2DC-9DF9-4A3D-A994-5C9A849417E2}.Release|x64.ActiveCfg = Release|Any CPU
		{64A7D2DC-9DF9-4A3D-A994-5C9A849417E2}.Release|x64.Build.0 = Release|Any CPU
		{64A7D2DC-9DF9-4A3D-A994-5C9A849417E2}.Release|x86.ActiveCfg = Release|Any CPU
		{64A7D2DC-9DF9-4A3D-A994-5C9A849417E2}.Release|x86.Build.0 = Release|Any CPU
		{C7F31E6F-A207-47A4-B555-E0FEE0905FFF}.Debug|Any CPU.ActiveCfg = Debug|Any CPU
		{C7F31E6F-A207-47A4-B555-E0FEE0905FFF}.Debug|Any CPU.Build.0 = Debug|Any CPU
		{C7F31E6F-A207-47A4-B555-E0FEE0905FFF}.Debug|x64.ActiveCfg = Debug|Any CPU
		{C7F31E6F-A207-47A4-B555-E0FEE0905FFF}.Debug|x64.Build.0 = Debug|Any CPU
		{C7F31E6F-A207-47A4-B555-E0FEE0905FFF}.Debug|x86.ActiveCfg = Debug|Any CPU
		{C7F31E6F-A207-47A4-B555-E0FEE0905FFF}.Debug|x86.Build.0 = Debug|Any CPU
		{C7F31E6F-A207-47A4-B555-E0FEE0905FFF}.Release|Any CPU.ActiveCfg = Release|Any CPU
		{C7F31E6F-A207-47A4-B555-E0FEE0905FFF}.Release|Any CPU.Build.0 = Release|Any CPU
		{C7F31E6F-A207-47A4-B555-E0FEE0905FFF}.Release|x64.ActiveCfg = Release|Any CPU
		{C7F31E6F-A207-47A4-B555-E0FEE0905FFF}.Release|x64.Build.0 = Release|Any CPU
		{C7F31E6F-A207-47A4-B555-E0FEE0905FFF}.Release|x86.ActiveCfg = Release|Any CPU
		{C7F31E6F-A207-47A4-B555-E0FEE0905FFF}.Release|x86.Build.0 = Release|Any CPU
		{E21F4C74-B06F-42F6-B0E4-9C4437FEE271}.Debug|Any CPU.ActiveCfg = Debug|Any CPU
		{E21F4C74-B06F-42F6-B0E4-9C4437FEE271}.Debug|Any CPU.Build.0 = Debug|Any CPU
		{E21F4C74-B06F-42F6-B0E4-9C4437FEE271}.Debug|x64.ActiveCfg = Debug|Any CPU
		{E21F4C74-B06F-42F6-B0E4-9C4437FEE271}.Debug|x64.Build.0 = Debug|Any CPU
		{E21F4C74-B06F-42F6-B0E4-9C4437FEE271}.Debug|x86.ActiveCfg = Debug|Any CPU
		{E21F4C74-B06F-42F6-B0E4-9C4437FEE271}.Debug|x86.Build.0 = Debug|Any CPU
		{E21F4C74-B06F-42F6-B0E4-9C4437FEE271}.Release|Any CPU.ActiveCfg = Release|Any CPU
		{E21F4C74-B06F-42F6-B0E4-9C4437FEE271}.Release|Any CPU.Build.0 = Release|Any CPU
		{E21F4C74-B06F-42F6-B0E4-9C4437FEE271}.Release|x64.ActiveCfg = Release|Any CPU
		{E21F4C74-B06F-42F6-B0E4-9C4437FEE271}.Release|x64.Build.0 = Release|Any CPU
		{E21F4C74-B06F-42F6-B0E4-9C4437FEE271}.Release|x86.ActiveCfg = Release|Any CPU
		{E21F4C74-B06F-42F6-B0E4-9C4437FEE271}.Release|x86.Build.0 = Release|Any CPU
		{FC976A18-61AB-4312-8E1A-1F7D866DEAD7}.Debug|Any CPU.ActiveCfg = Debug|Any CPU
		{FC976A18-61AB-4312-8E1A-1F7D866DEAD7}.Debug|Any CPU.Build.0 = Debug|Any CPU
		{FC976A18-61AB-4312-8E1A-1F7D866DEAD7}.Debug|x64.ActiveCfg = Debug|Any CPU
		{FC976A18-61AB-4312-8E1A-1F7D866DEAD7}.Debug|x64.Build.0 = Debug|Any CPU
		{FC976A18-61AB-4312-8E1A-1F7D866DEAD7}.Debug|x86.ActiveCfg = Debug|Any CPU
		{FC976A18-61AB-4312-8E1A-1F7D866DEAD7}.Debug|x86.Build.0 = Debug|Any CPU
		{FC976A18-61AB-4312-8E1A-1F7D866DEAD7}.Release|Any CPU.ActiveCfg = Release|Any CPU
		{FC976A18-61AB-4312-8E1A-1F7D866DEAD7}.Release|Any CPU.Build.0 = Release|Any CPU
		{FC976A18-61AB-4312-8E1A-1F7D866DEAD7}.Release|x64.ActiveCfg = Release|Any CPU
		{FC976A18-61AB-4312-8E1A-1F7D866DEAD7}.Release|x64.Build.0 = Release|Any CPU
		{FC976A18-61AB-4312-8E1A-1F7D866DEAD7}.Release|x86.ActiveCfg = Release|Any CPU
		{FC976A18-61AB-4312-8E1A-1F7D866DEAD7}.Release|x86.Build.0 = Release|Any CPU
		{057A4501-8EDB-4F3E-B9A4-E68FE73F2B32}.Debug|Any CPU.ActiveCfg = Debug|Any CPU
		{057A4501-8EDB-4F3E-B9A4-E68FE73F2B32}.Debug|Any CPU.Build.0 = Debug|Any CPU
		{057A4501-8EDB-4F3E-B9A4-E68FE73F2B32}.Debug|x64.ActiveCfg = Debug|Any CPU
		{057A4501-8EDB-4F3E-B9A4-E68FE73F2B32}.Debug|x64.Build.0 = Debug|Any CPU
		{057A4501-8EDB-4F3E-B9A4-E68FE73F2B32}.Debug|x86.ActiveCfg = Debug|Any CPU
		{057A4501-8EDB-4F3E-B9A4-E68FE73F2B32}.Debug|x86.Build.0 = Debug|Any CPU
		{057A4501-8EDB-4F3E-B9A4-E68FE73F2B32}.Release|Any CPU.ActiveCfg = Release|Any CPU
		{057A4501-8EDB-4F3E-B9A4-E68FE73F2B32}.Release|Any CPU.Build.0 = Release|Any CPU
		{057A4501-8EDB-4F3E-B9A4-E68FE73F2B32}.Release|x64.ActiveCfg = Release|Any CPU
		{057A4501-8EDB-4F3E-B9A4-E68FE73F2B32}.Release|x64.Build.0 = Release|Any CPU
		{057A4501-8EDB-4F3E-B9A4-E68FE73F2B32}.Release|x86.ActiveCfg = Release|Any CPU
		{057A4501-8EDB-4F3E-B9A4-E68FE73F2B32}.Release|x86.Build.0 = Release|Any CPU
		{8CA1C7D2-334F-45FF-AFAD-96C1D7216FCD}.Debug|Any CPU.ActiveCfg = Debug|Any CPU
		{8CA1C7D2-334F-45FF-AFAD-96C1D7216FCD}.Debug|Any CPU.Build.0 = Debug|Any CPU
		{8CA1C7D2-334F-45FF-AFAD-96C1D7216FCD}.Debug|x64.ActiveCfg = Debug|Any CPU
		{8CA1C7D2-334F-45FF-AFAD-96C1D7216FCD}.Debug|x64.Build.0 = Debug|Any CPU
		{8CA1C7D2-334F-45FF-AFAD-96C1D7216FCD}.Debug|x86.ActiveCfg = Debug|Any CPU
		{8CA1C7D2-334F-45FF-AFAD-96C1D7216FCD}.Debug|x86.Build.0 = Debug|Any CPU
		{8CA1C7D2-334F-45FF-AFAD-96C1D7216FCD}.Release|Any CPU.ActiveCfg = Release|Any CPU
		{8CA1C7D2-334F-45FF-AFAD-96C1D7216FCD}.Release|Any CPU.Build.0 = Release|Any CPU
		{8CA1C7D2-334F-45FF-AFAD-96C1D7216FCD}.Release|x64.ActiveCfg = Release|Any CPU
		{8CA1C7D2-334F-45FF-AFAD-96C1D7216FCD}.Release|x64.Build.0 = Release|Any CPU
		{8CA1C7D2-334F-45FF-AFAD-96C1D7216FCD}.Release|x86.ActiveCfg = Release|Any CPU
		{8CA1C7D2-334F-45FF-AFAD-96C1D7216FCD}.Release|x86.Build.0 = Release|Any CPU
		{4170ECF6-B2A0-4F4D-9906-1226CF77B3EA}.Debug|Any CPU.ActiveCfg = Debug|Any CPU
		{4170ECF6-B2A0-4F4D-9906-1226CF77B3EA}.Debug|Any CPU.Build.0 = Debug|Any CPU
		{4170ECF6-B2A0-4F4D-9906-1226CF77B3EA}.Debug|x64.ActiveCfg = Debug|Any CPU
		{4170ECF6-B2A0-4F4D-9906-1226CF77B3EA}.Debug|x64.Build.0 = Debug|Any CPU
		{4170ECF6-B2A0-4F4D-9906-1226CF77B3EA}.Debug|x86.ActiveCfg = Debug|Any CPU
		{4170ECF6-B2A0-4F4D-9906-1226CF77B3EA}.Debug|x86.Build.0 = Debug|Any CPU
		{4170ECF6-B2A0-4F4D-9906-1226CF77B3EA}.Release|Any CPU.ActiveCfg = Release|Any CPU
		{4170ECF6-B2A0-4F4D-9906-1226CF77B3EA}.Release|Any CPU.Build.0 = Release|Any CPU
		{4170ECF6-B2A0-4F4D-9906-1226CF77B3EA}.Release|x64.ActiveCfg = Release|Any CPU
		{4170ECF6-B2A0-4F4D-9906-1226CF77B3EA}.Release|x64.Build.0 = Release|Any CPU
		{4170ECF6-B2A0-4F4D-9906-1226CF77B3EA}.Release|x86.ActiveCfg = Release|Any CPU
		{4170ECF6-B2A0-4F4D-9906-1226CF77B3EA}.Release|x86.Build.0 = Release|Any CPU
		{7E53DBF4-03AD-4281-860A-F2090E6979D9}.Debug|Any CPU.ActiveCfg = Debug|Any CPU
		{7E53DBF4-03AD-4281-860A-F2090E6979D9}.Debug|Any CPU.Build.0 = Debug|Any CPU
		{7E53DBF4-03AD-4281-860A-F2090E6979D9}.Debug|x64.ActiveCfg = Debug|Any CPU
		{7E53DBF4-03AD-4281-860A-F2090E6979D9}.Debug|x64.Build.0 = Debug|Any CPU
		{7E53DBF4-03AD-4281-860A-F2090E6979D9}.Debug|x86.ActiveCfg = Debug|Any CPU
		{7E53DBF4-03AD-4281-860A-F2090E6979D9}.Debug|x86.Build.0 = Debug|Any CPU
		{7E53DBF4-03AD-4281-860A-F2090E6979D9}.Release|Any CPU.ActiveCfg = Release|Any CPU
		{7E53DBF4-03AD-4281-860A-F2090E6979D9}.Release|Any CPU.Build.0 = Release|Any CPU
		{7E53DBF4-03AD-4281-860A-F2090E6979D9}.Release|x64.ActiveCfg = Release|Any CPU
		{7E53DBF4-03AD-4281-860A-F2090E6979D9}.Release|x64.Build.0 = Release|Any CPU
		{7E53DBF4-03AD-4281-860A-F2090E6979D9}.Release|x86.ActiveCfg = Release|Any CPU
		{7E53DBF4-03AD-4281-860A-F2090E6979D9}.Release|x86.Build.0 = Release|Any CPU
		{2BE0ADC5-EC7D-43F1-B129-D21DBCD088E7}.Debug|Any CPU.ActiveCfg = Debug|Any CPU
		{2BE0ADC5-EC7D-43F1-B129-D21DBCD088E7}.Debug|Any CPU.Build.0 = Debug|Any CPU
		{2BE0ADC5-EC7D-43F1-B129-D21DBCD088E7}.Debug|x64.ActiveCfg = Debug|Any CPU
		{2BE0ADC5-EC7D-43F1-B129-D21DBCD088E7}.Debug|x64.Build.0 = Debug|Any CPU
		{2BE0ADC5-EC7D-43F1-B129-D21DBCD088E7}.Debug|x86.ActiveCfg = Debug|Any CPU
		{2BE0ADC5-EC7D-43F1-B129-D21DBCD088E7}.Debug|x86.Build.0 = Debug|Any CPU
		{2BE0ADC5-EC7D-43F1-B129-D21DBCD088E7}.Release|Any CPU.ActiveCfg = Release|Any CPU
		{2BE0ADC5-EC7D-43F1-B129-D21DBCD088E7}.Release|Any CPU.Build.0 = Release|Any CPU
		{2BE0ADC5-EC7D-43F1-B129-D21DBCD088E7}.Release|x64.ActiveCfg = Release|Any CPU
		{2BE0ADC5-EC7D-43F1-B129-D21DBCD088E7}.Release|x64.Build.0 = Release|Any CPU
		{2BE0ADC5-EC7D-43F1-B129-D21DBCD088E7}.Release|x86.ActiveCfg = Release|Any CPU
		{2BE0ADC5-EC7D-43F1-B129-D21DBCD088E7}.Release|x86.Build.0 = Release|Any CPU
		{0E45E34D-0D92-4A38-BF16-F5EB6C373C0A}.Debug|Any CPU.ActiveCfg = Debug|Any CPU
		{0E45E34D-0D92-4A38-BF16-F5EB6C373C0A}.Debug|Any CPU.Build.0 = Debug|Any CPU
		{0E45E34D-0D92-4A38-BF16-F5EB6C373C0A}.Debug|x64.ActiveCfg = Debug|Any CPU
		{0E45E34D-0D92-4A38-BF16-F5EB6C373C0A}.Debug|x64.Build.0 = Debug|Any CPU
		{0E45E34D-0D92-4A38-BF16-F5EB6C373C0A}.Debug|x86.ActiveCfg = Debug|Any CPU
		{0E45E34D-0D92-4A38-BF16-F5EB6C373C0A}.Debug|x86.Build.0 = Debug|Any CPU
		{0E45E34D-0D92-4A38-BF16-F5EB6C373C0A}.Release|Any CPU.ActiveCfg = Release|Any CPU
		{0E45E34D-0D92-4A38-BF16-F5EB6C373C0A}.Release|Any CPU.Build.0 = Release|Any CPU
		{0E45E34D-0D92-4A38-BF16-F5EB6C373C0A}.Release|x64.ActiveCfg = Release|Any CPU
		{0E45E34D-0D92-4A38-BF16-F5EB6C373C0A}.Release|x64.Build.0 = Release|Any CPU
		{0E45E34D-0D92-4A38-BF16-F5EB6C373C0A}.Release|x86.ActiveCfg = Release|Any CPU
		{0E45E34D-0D92-4A38-BF16-F5EB6C373C0A}.Release|x86.Build.0 = Release|Any CPU
		{34ECD2BC-7D3D-4A4E-A035-867AFCAA7864}.Debug|Any CPU.ActiveCfg = Debug|Any CPU
		{34ECD2BC-7D3D-4A4E-A035-867AFCAA7864}.Debug|Any CPU.Build.0 = Debug|Any CPU
		{34ECD2BC-7D3D-4A4E-A035-867AFCAA7864}.Debug|x64.ActiveCfg = Debug|Any CPU
		{34ECD2BC-7D3D-4A4E-A035-867AFCAA7864}.Debug|x64.Build.0 = Debug|Any CPU
		{34ECD2BC-7D3D-4A4E-A035-867AFCAA7864}.Debug|x86.ActiveCfg = Debug|Any CPU
		{34ECD2BC-7D3D-4A4E-A035-867AFCAA7864}.Debug|x86.Build.0 = Debug|Any CPU
		{34ECD2BC-7D3D-4A4E-A035-867AFCAA7864}.Release|Any CPU.ActiveCfg = Release|Any CPU
		{34ECD2BC-7D3D-4A4E-A035-867AFCAA7864}.Release|Any CPU.Build.0 = Release|Any CPU
		{34ECD2BC-7D3D-4A4E-A035-867AFCAA7864}.Release|x64.ActiveCfg = Release|Any CPU
		{34ECD2BC-7D3D-4A4E-A035-867AFCAA7864}.Release|x64.Build.0 = Release|Any CPU
		{34ECD2BC-7D3D-4A4E-A035-867AFCAA7864}.Release|x86.ActiveCfg = Release|Any CPU
		{34ECD2BC-7D3D-4A4E-A035-867AFCAA7864}.Release|x86.Build.0 = Release|Any CPU
	EndGlobalSection
	GlobalSection(SolutionProperties) = preSolution
		HideSolutionNode = FALSE
	EndGlobalSection
	GlobalSection(NestedProjects) = preSolution
		{64A7D2DC-9DF9-4A3D-A994-5C9A849417E2} = {46927165-A60A-43C5-90C1-D79448642828}
		{C7F31E6F-A207-47A4-B555-E0FEE0905FFF} = {46927165-A60A-43C5-90C1-D79448642828}
		{E21F4C74-B06F-42F6-B0E4-9C4437FEE271} = {46927165-A60A-43C5-90C1-D79448642828}
		{FC976A18-61AB-4312-8E1A-1F7D866DEAD7} = {46927165-A60A-43C5-90C1-D79448642828}
		{057A4501-8EDB-4F3E-B9A4-E68FE73F2B32} = {46927165-A60A-43C5-90C1-D79448642828}
		{8CA1C7D2-334F-45FF-AFAD-96C1D7216FCD} = {46927165-A60A-43C5-90C1-D79448642828}
		{4170ECF6-B2A0-4F4D-9906-1226CF77B3EA} = {46927165-A60A-43C5-90C1-D79448642828}
		{7E53DBF4-03AD-4281-860A-F2090E6979D9} = {46927165-A60A-43C5-90C1-D79448642828}
		{2BE0ADC5-EC7D-43F1-B129-D21DBCD088E7} = {46927165-A60A-43C5-90C1-D79448642828}
		{0E45E34D-0D92-4A38-BF16-F5EB6C373C0A} = {00D39250-B50E-4DE2-AB31-3075DA8BAD3D}
	EndGlobalSection
	GlobalSection(ExtensibilityGlobals) = postSolution
		SolutionGuid = {944A4B09-EE35-46E1-B7E0-644D2F0EBFF2}
	EndGlobalSection
EndGlobal
