
Microsoft Visual Studio Solution File, Format Version 12.00
# Visual Studio Version 16
VisualStudioVersion = 16.0.28606.126
MinimumVisualStudioVersion = 10.0.40219.1
Project("{9A19103F-16F7-4668-BE54-9A1E7A4F7556}") = "WamBot", "WamBot\WamBot.csproj", "{8A577266-77F7-4D06-BFA8-552BF6316977}"
EndProject
Project("{9A19103F-16F7-4668-BE54-9A1E7A4F7556}") = "Microsoft.Scripting", "Microsoft.Scripting\Microsoft.Scripting.csproj", "{D2578E39-EFE2-48BA-B2AC-4923DC71DBCC}"
EndProject
Project("{9A19103F-16F7-4668-BE54-9A1E7A4F7556}") = "WamWooWam.Core", "WamWooWam.Core\WamWooWam.Core.csproj", "{2386704F-3901-4C68-98C7-C247962CE45E}"
EndProject
Project("{9A19103F-16F7-4668-BE54-9A1E7A4F7556}") = "WamWooWam.Wpf", "WamWooWam.Wpf\WamWooWam.Wpf.csproj", "{4D1C16E7-50DF-421A-9555-4C173C3A265D}"
EndProject
Project("{2150E333-8FDC-42A3-9474-1A3956D46DE8}") = "Libraries", "Libraries", "{D9656BF7-6C88-42BB-B466-35AD42DA4381}"
EndProject
Global
	GlobalSection(SolutionConfigurationPlatforms) = preSolution
		Debug|Any CPU = Debug|Any CPU
		Debug|ARM = Debug|ARM
		Debug|ARM64 = Debug|ARM64
		Debug|x64 = Debug|x64
		Debug|x86 = Debug|x86
		Release|Any CPU = Release|Any CPU
		Release|ARM = Release|ARM
		Release|ARM64 = Release|ARM64
		Release|x64 = Release|x64
		Release|x86 = Release|x86
	EndGlobalSection
	GlobalSection(ProjectConfigurationPlatforms) = postSolution
		{8A577266-77F7-4D06-BFA8-552BF6316977}.Debug|Any CPU.ActiveCfg = Debug|Any CPU
		{8A577266-77F7-4D06-BFA8-552BF6316977}.Debug|Any CPU.Build.0 = Debug|Any CPU
		{8A577266-77F7-4D06-BFA8-552BF6316977}.Debug|ARM.ActiveCfg = Debug|Any CPU
		{8A577266-77F7-4D06-BFA8-552BF6316977}.Debug|ARM.Build.0 = Debug|Any CPU
		{8A577266-77F7-4D06-BFA8-552BF6316977}.Debug|ARM64.ActiveCfg = Debug|Any CPU
		{8A577266-77F7-4D06-BFA8-552BF6316977}.Debug|ARM64.Build.0 = Debug|Any CPU
		{8A577266-77F7-4D06-BFA8-552BF6316977}.Debug|x64.ActiveCfg = Debug|Any CPU
		{8A577266-77F7-4D06-BFA8-552BF6316977}.Debug|x64.Build.0 = Debug|Any CPU
		{8A577266-77F7-4D06-BFA8-552BF6316977}.Debug|x86.ActiveCfg = Debug|Any CPU
		{8A577266-77F7-4D06-BFA8-552BF6316977}.Debug|x86.Build.0 = Debug|Any CPU
		{8A577266-77F7-4D06-BFA8-552BF6316977}.Release|Any CPU.ActiveCfg = Release|Any CPU
		{8A577266-77F7-4D06-BFA8-552BF6316977}.Release|Any CPU.Build.0 = Release|Any CPU
		{8A577266-77F7-4D06-BFA8-552BF6316977}.Release|ARM.ActiveCfg = Release|Any CPU
		{8A577266-77F7-4D06-BFA8-552BF6316977}.Release|ARM.Build.0 = Release|Any CPU
		{8A577266-77F7-4D06-BFA8-552BF6316977}.Release|ARM64.ActiveCfg = Release|Any CPU
		{8A577266-77F7-4D06-BFA8-552BF6316977}.Release|ARM64.Build.0 = Release|Any CPU
		{8A577266-77F7-4D06-BFA8-552BF6316977}.Release|x64.ActiveCfg = Release|Any CPU
		{8A577266-77F7-4D06-BFA8-552BF6316977}.Release|x64.Build.0 = Release|Any CPU
		{8A577266-77F7-4D06-BFA8-552BF6316977}.Release|x86.ActiveCfg = Release|Any CPU
		{8A577266-77F7-4D06-BFA8-552BF6316977}.Release|x86.Build.0 = Release|Any CPU
		{D2578E39-EFE2-48BA-B2AC-4923DC71DBCC}.Debug|Any CPU.ActiveCfg = Debug|Any CPU
		{D2578E39-EFE2-48BA-B2AC-4923DC71DBCC}.Debug|Any CPU.Build.0 = Debug|Any CPU
		{D2578E39-EFE2-48BA-B2AC-4923DC71DBCC}.Debug|ARM.ActiveCfg = Debug|Any CPU
		{D2578E39-EFE2-48BA-B2AC-4923DC71DBCC}.Debug|ARM.Build.0 = Debug|Any CPU
		{D2578E39-EFE2-48BA-B2AC-4923DC71DBCC}.Debug|ARM64.ActiveCfg = Debug|Any CPU
		{D2578E39-EFE2-48BA-B2AC-4923DC71DBCC}.Debug|ARM64.Build.0 = Debug|Any CPU
		{D2578E39-EFE2-48BA-B2AC-4923DC71DBCC}.Debug|x64.ActiveCfg = Debug|Any CPU
		{D2578E39-EFE2-48BA-B2AC-4923DC71DBCC}.Debug|x64.Build.0 = Debug|Any CPU
		{D2578E39-EFE2-48BA-B2AC-4923DC71DBCC}.Debug|x86.ActiveCfg = Debug|Any CPU
		{D2578E39-EFE2-48BA-B2AC-4923DC71DBCC}.Debug|x86.Build.0 = Debug|Any CPU
		{D2578E39-EFE2-48BA-B2AC-4923DC71DBCC}.Release|Any CPU.ActiveCfg = Release|Any CPU
		{D2578E39-EFE2-48BA-B2AC-4923DC71DBCC}.Release|Any CPU.Build.0 = Release|Any CPU
		{D2578E39-EFE2-48BA-B2AC-4923DC71DBCC}.Release|ARM.ActiveCfg = Release|Any CPU
		{D2578E39-EFE2-48BA-B2AC-4923DC71DBCC}.Release|ARM.Build.0 = Release|Any CPU
		{D2578E39-EFE2-48BA-B2AC-4923DC71DBCC}.Release|ARM64.ActiveCfg = Release|Any CPU
		{D2578E39-EFE2-48BA-B2AC-4923DC71DBCC}.Release|ARM64.Build.0 = Release|Any CPU
		{D2578E39-EFE2-48BA-B2AC-4923DC71DBCC}.Release|x64.ActiveCfg = Release|Any CPU
		{D2578E39-EFE2-48BA-B2AC-4923DC71DBCC}.Release|x64.Build.0 = Release|Any CPU
		{D2578E39-EFE2-48BA-B2AC-4923DC71DBCC}.Release|x86.ActiveCfg = Release|Any CPU
		{D2578E39-EFE2-48BA-B2AC-4923DC71DBCC}.Release|x86.Build.0 = Release|Any CPU
		{2386704F-3901-4C68-98C7-C247962CE45E}.Debug|Any CPU.ActiveCfg = Debug|Any CPU
		{2386704F-3901-4C68-98C7-C247962CE45E}.Debug|Any CPU.Build.0 = Debug|Any CPU
		{2386704F-3901-4C68-98C7-C247962CE45E}.Debug|ARM.ActiveCfg = Debug|Any CPU
		{2386704F-3901-4C68-98C7-C247962CE45E}.Debug|ARM.Build.0 = Debug|Any CPU
		{2386704F-3901-4C68-98C7-C247962CE45E}.Debug|ARM64.ActiveCfg = Debug|Any CPU
		{2386704F-3901-4C68-98C7-C247962CE45E}.Debug|ARM64.Build.0 = Debug|Any CPU
		{2386704F-3901-4C68-98C7-C247962CE45E}.Debug|x64.ActiveCfg = Debug|x64
		{2386704F-3901-4C68-98C7-C247962CE45E}.Debug|x64.Build.0 = Debug|x64
		{2386704F-3901-4C68-98C7-C247962CE45E}.Debug|x86.ActiveCfg = Debug|x86
		{2386704F-3901-4C68-98C7-C247962CE45E}.Debug|x86.Build.0 = Debug|x86
		{2386704F-3901-4C68-98C7-C247962CE45E}.Release|Any CPU.ActiveCfg = Release|Any CPU
		{2386704F-3901-4C68-98C7-C247962CE45E}.Release|Any CPU.Build.0 = Release|Any CPU
		{2386704F-3901-4C68-98C7-C247962CE45E}.Release|ARM.ActiveCfg = Release|Any CPU
		{2386704F-3901-4C68-98C7-C247962CE45E}.Release|ARM.Build.0 = Release|Any CPU
		{2386704F-3901-4C68-98C7-C247962CE45E}.Release|ARM64.ActiveCfg = Release|Any CPU
		{2386704F-3901-4C68-98C7-C247962CE45E}.Release|ARM64.Build.0 = Release|Any CPU
		{2386704F-3901-4C68-98C7-C247962CE45E}.Release|x64.ActiveCfg = Release|x64
		{2386704F-3901-4C68-98C7-C247962CE45E}.Release|x64.Build.0 = Release|x64
		{2386704F-3901-4C68-98C7-C247962CE45E}.Release|x86.ActiveCfg = Release|x86
		{2386704F-3901-4C68-98C7-C247962CE45E}.Release|x86.Build.0 = Release|x86
		{4D1C16E7-50DF-421A-9555-4C173C3A265D}.Debug|Any CPU.ActiveCfg = Debug|Any CPU
		{4D1C16E7-50DF-421A-9555-4C173C3A265D}.Debug|Any CPU.Build.0 = Debug|Any CPU
		{4D1C16E7-50DF-421A-9555-4C173C3A265D}.Debug|ARM.ActiveCfg = Debug|Any CPU
		{4D1C16E7-50DF-421A-9555-4C173C3A265D}.Debug|ARM.Build.0 = Debug|Any CPU
		{4D1C16E7-50DF-421A-9555-4C173C3A265D}.Debug|ARM64.ActiveCfg = Debug|Any CPU
		{4D1C16E7-50DF-421A-9555-4C173C3A265D}.Debug|ARM64.Build.0 = Debug|Any CPU
		{4D1C16E7-50DF-421A-9555-4C173C3A265D}.Debug|x64.ActiveCfg = Debug|Any CPU
		{4D1C16E7-50DF-421A-9555-4C173C3A265D}.Debug|x64.Build.0 = Debug|Any CPU
		{4D1C16E7-50DF-421A-9555-4C173C3A265D}.Debug|x86.ActiveCfg = Debug|Any CPU
		{4D1C16E7-50DF-421A-9555-4C173C3A265D}.Debug|x86.Build.0 = Debug|Any CPU
		{4D1C16E7-50DF-421A-9555-4C173C3A265D}.Release|Any CPU.ActiveCfg = Release|Any CPU
		{4D1C16E7-50DF-421A-9555-4C173C3A265D}.Release|Any CPU.Build.0 = Release|Any CPU
		{4D1C16E7-50DF-421A-9555-4C173C3A265D}.Release|ARM.ActiveCfg = Release|Any CPU
		{4D1C16E7-50DF-421A-9555-4C173C3A265D}.Release|ARM.Build.0 = Release|Any CPU
		{4D1C16E7-50DF-421A-9555-4C173C3A265D}.Release|ARM64.ActiveCfg = Release|Any CPU
		{4D1C16E7-50DF-421A-9555-4C173C3A265D}.Release|ARM64.Build.0 = Release|Any CPU
		{4D1C16E7-50DF-421A-9555-4C173C3A265D}.Release|x64.ActiveCfg = Release|Any CPU
		{4D1C16E7-50DF-421A-9555-4C173C3A265D}.Release|x64.Build.0 = Release|Any CPU
		{4D1C16E7-50DF-421A-9555-4C173C3A265D}.Release|x86.ActiveCfg = Release|Any CPU
		{4D1C16E7-50DF-421A-9555-4C173C3A265D}.Release|x86.Build.0 = Release|Any CPU
	EndGlobalSection
	GlobalSection(SolutionProperties) = preSolution
		HideSolutionNode = FALSE
	EndGlobalSection
	GlobalSection(NestedProjects) = preSolution
		{D2578E39-EFE2-48BA-B2AC-4923DC71DBCC} = {D9656BF7-6C88-42BB-B466-35AD42DA4381}
		{2386704F-3901-4C68-98C7-C247962CE45E} = {D9656BF7-6C88-42BB-B466-35AD42DA4381}
		{4D1C16E7-50DF-421A-9555-4C173C3A265D} = {D9656BF7-6C88-42BB-B466-35AD42DA4381}
	EndGlobalSection
	GlobalSection(ExtensibilityGlobals) = postSolution
		SolutionGuid = {20626519-C73D-4CC9-BEDE-136E3149D96C}
	EndGlobalSection
EndGlobal
